
Microsoft Visual Studio Solution File, Format Version 12.00
# Visual Studio 2013
VisualStudioVersion = 12.0.40629.0
MinimumVisualStudioVersion = 10.0.40219.1
Project("{FAE04EC0-301F-11D3-BF4B-00C04F79EFBC}") = "26_02_CalculatorV2", "26_02_CalculatorV2\26_02_CalculatorV2.csproj", "{AB7A90DE-CFED-499C-B5A9-979FB6051B8B}"
EndProject
Project("{2150E333-8FDC-42A3-9474-1A3956D46DE8}") = "Solution Items", "Solution Items", "{BD19194B-25E9-4D54-AAC3-27D2732D63AF}"
EndProject
Global
	GlobalSection(SolutionConfigurationPlatforms) = preSolution
		Debug|Any CPU = Debug|Any CPU
		Release|Any CPU = Release|Any CPU
	EndGlobalSection
	GlobalSection(ProjectConfigurationPlatforms) = postSolution
		{AB7A90DE-CFED-499C-B5A9-979FB6051B8B}.Debug|Any CPU.ActiveCfg = Debug|Any CPU
		{AB7A90DE-CFED-499C-B5A9-979FB6051B8B}.Debug|Any CPU.Build.0 = Debug|Any CPU
		{AB7A90DE-CFED-499C-B5A9-979FB6051B8B}.Release|Any CPU.ActiveCfg = Release|Any CPU
		{AB7A90DE-CFED-499C-B5A9-979FB6051B8B}.Release|Any CPU.Build.0 = Release|Any CPU
	EndGlobalSection
	GlobalSection(SolutionProperties) = preSolution
		HideSolutionNode = FALSE
	EndGlobalSection
EndGlobal
